
Microsoft Visual Studio Solution File, Format Version 12.00
# Visual Studio 15
VisualStudioVersion = 15.0.28010.2046
MinimumVisualStudioVersion = 10.0.40219.1
Project("{FAE04EC0-301F-11D3-BF4B-00C04F79EFBC}") = "LanIM.Network", "LanIM.Network\LanIM.Network.csproj", "{8C146B81-4A5E-42B7-A464-B4AAEA624AB1}"
EndProject
Project("{FAE04EC0-301F-11D3-BF4B-00C04F79EFBC}") = "LanIM.UI", "LanIM.UI\LanIM.UI.csproj", "{3A43601C-347E-4CD5-8C96-7C417A206CEB}"
EndProject
Project("{FAE04EC0-301F-11D3-BF4B-00C04F79EFBC}") = "LanIM.Common", "LanIM.Common\LanIM.Common.csproj", "{6B680983-64BE-480A-9B53-6690B42A934D}"
EndProject
Project("{FAE04EC0-301F-11D3-BF4B-00C04F79EFBC}") = "LanIM.Store", "LanIM.Store\LanIM.Store.csproj", "{2B4541B1-99D6-4C53-9B3A-9129439B840C}"
EndProject
Project("{FAE04EC0-301F-11D3-BF4B-00C04F79EFBC}") = "LanIM", "LanIM\LanIM.csproj", "{95014D1E-72F3-4E66-AABC-F08BFA3CE9CE}"
EndProject
Project("{FAE04EC0-301F-11D3-BF4B-00C04F79EFBC}") = "LanIMTest", "LanIMTest\LanIMTest.csproj", "{B3BF9BBF-7A36-4CD0-BFC1-752EE419EF69}"
EndProject
Global
	GlobalSection(SolutionConfigurationPlatforms) = preSolution
		Debug|Any CPU = Debug|Any CPU
		Debug|x64 = Debug|x64
		Debug|x86 = Debug|x86
		Release|Any CPU = Release|Any CPU
		Release|x64 = Release|x64
		Release|x86 = Release|x86
	EndGlobalSection
	GlobalSection(ProjectConfigurationPlatforms) = postSolution
		{8C146B81-4A5E-42B7-A464-B4AAEA624AB1}.Debug|Any CPU.ActiveCfg = Debug|Any CPU
		{8C146B81-4A5E-42B7-A464-B4AAEA624AB1}.Debug|Any CPU.Build.0 = Debug|Any CPU
		{8C146B81-4A5E-42B7-A464-B4AAEA624AB1}.Debug|x64.ActiveCfg = Debug|x64
		{8C146B81-4A5E-42B7-A464-B4AAEA624AB1}.Debug|x64.Build.0 = Debug|x64
		{8C146B81-4A5E-42B7-A464-B4AAEA624AB1}.Debug|x86.ActiveCfg = Debug|x86
		{8C146B81-4A5E-42B7-A464-B4AAEA624AB1}.Debug|x86.Build.0 = Debug|x86
		{8C146B81-4A5E-42B7-A464-B4AAEA624AB1}.Release|Any CPU.ActiveCfg = Release|Any CPU
		{8C146B81-4A5E-42B7-A464-B4AAEA624AB1}.Release|Any CPU.Build.0 = Release|Any CPU
		{8C146B81-4A5E-42B7-A464-B4AAEA624AB1}.Release|x64.ActiveCfg = Release|x64
		{8C146B81-4A5E-42B7-A464-B4AAEA624AB1}.Release|x64.Build.0 = Release|x64
		{8C146B81-4A5E-42B7-A464-B4AAEA624AB1}.Release|x86.ActiveCfg = Release|x86
		{3A43601C-347E-4CD5-8C96-7C417A206CEB}.Debug|Any CPU.ActiveCfg = Debug|Any CPU
		{3A43601C-347E-4CD5-8C96-7C417A206CEB}.Debug|Any CPU.Build.0 = Debug|Any CPU
		{3A43601C-347E-4CD5-8C96-7C417A206CEB}.Debug|x64.ActiveCfg = Debug|x64
		{3A43601C-347E-4CD5-8C96-7C417A206CEB}.Debug|x64.Build.0 = Debug|x64
		{3A43601C-347E-4CD5-8C96-7C417A206CEB}.Debug|x86.ActiveCfg = Debug|x86
		{3A43601C-347E-4CD5-8C96-7C417A206CEB}.Debug|x86.Build.0 = Debug|x86
		{3A43601C-347E-4CD5-8C96-7C417A206CEB}.Release|Any CPU.ActiveCfg = Release|Any CPU
		{3A43601C-347E-4CD5-8C96-7C417A206CEB}.Release|Any CPU.Build.0 = Release|Any CPU
		{3A43601C-347E-4CD5-8C96-7C417A206CEB}.Release|x64.ActiveCfg = Release|x64
		{3A43601C-347E-4CD5-8C96-7C417A206CEB}.Release|x64.Build.0 = Release|x64
		{3A43601C-347E-4CD5-8C96-7C417A206CEB}.Release|x86.ActiveCfg = Release|x86
		{6B680983-64BE-480A-9B53-6690B42A934D}.Debug|Any CPU.ActiveCfg = Debug|Any CPU
		{6B680983-64BE-480A-9B53-6690B42A934D}.Debug|Any CPU.Build.0 = Debug|Any CPU
		{6B680983-64BE-480A-9B53-6690B42A934D}.Debug|x64.ActiveCfg = Debug|x64
		{6B680983-64BE-480A-9B53-6690B42A934D}.Debug|x64.Build.0 = Debug|x64
		{6B680983-64BE-480A-9B53-6690B42A934D}.Debug|x86.ActiveCfg = Debug|x86
		{6B680983-64BE-480A-9B53-6690B42A934D}.Debug|x86.Build.0 = Debug|x86
		{6B680983-64BE-480A-9B53-6690B42A934D}.Release|Any CPU.ActiveCfg = Release|Any CPU
		{6B680983-64BE-480A-9B53-6690B42A934D}.Release|Any CPU.Build.0 = Release|Any CPU
		{6B680983-64BE-480A-9B53-6690B42A934D}.Release|x64.ActiveCfg = Release|x64
		{6B680983-64BE-480A-9B53-6690B42A934D}.Release|x64.Build.0 = Release|x64
		{6B680983-64BE-480A-9B53-6690B42A934D}.Release|x86.ActiveCfg = Release|x86
		{2B4541B1-99D6-4C53-9B3A-9129439B840C}.Debug|Any CPU.ActiveCfg = Debug|Any CPU
		{2B4541B1-99D6-4C53-9B3A-9129439B840C}.Debug|Any CPU.Build.0 = Debug|Any CPU
		{2B4541B1-99D6-4C53-9B3A-9129439B840C}.Debug|x64.ActiveCfg = Debug|x64
		{2B4541B1-99D6-4C53-9B3A-9129439B840C}.Debug|x64.Build.0 = Debug|x64
		{2B4541B1-99D6-4C53-9B3A-9129439B840C}.Debug|x86.ActiveCfg = Debug|x86
		{2B4541B1-99D6-4C53-9B3A-9129439B840C}.Debug|x86.Build.0 = Debug|x86
		{2B4541B1-99D6-4C53-9B3A-9129439B840C}.Release|Any CPU.ActiveCfg = Release|Any CPU
		{2B4541B1-99D6-4C53-9B3A-9129439B840C}.Release|Any CPU.Build.0 = Release|Any CPU
		{2B4541B1-99D6-4C53-9B3A-9129439B840C}.Release|x64.ActiveCfg = Release|x64
		{2B4541B1-99D6-4C53-9B3A-9129439B840C}.Release|x64.Build.0 = Release|x64
		{2B4541B1-99D6-4C53-9B3A-9129439B840C}.Release|x86.ActiveCfg = Release|x86
		{95014D1E-72F3-4E66-AABC-F08BFA3CE9CE}.Debug|Any CPU.ActiveCfg = Debug|Any CPU
		{95014D1E-72F3-4E66-AABC-F08BFA3CE9CE}.Debug|Any CPU.Build.0 = Debug|Any CPU
		{95014D1E-72F3-4E66-AABC-F08BFA3CE9CE}.Debug|x64.ActiveCfg = Debug|x64
		{95014D1E-72F3-4E66-AABC-F08BFA3CE9CE}.Debug|x64.Build.0 = Debug|x64
		{95014D1E-72F3-4E66-AABC-F08BFA3CE9CE}.Debug|x86.ActiveCfg = Debug|x86
		{95014D1E-72F3-4E66-AABC-F08BFA3CE9CE}.Debug|x86.Build.0 = Debug|x86
		{95014D1E-72F3-4E66-AABC-F08BFA3CE9CE}.Release|Any CPU.ActiveCfg = Release|Any CPU
		{95014D1E-72F3-4E66-AABC-F08BFA3CE9CE}.Release|Any CPU.Build.0 = Release|Any CPU
		{95014D1E-72F3-4E66-AABC-F08BFA3CE9CE}.Release|x64.ActiveCfg = Release|x64
		{95014D1E-72F3-4E66-AABC-F08BFA3CE9CE}.Release|x64.Build.0 = Release|x64
		{95014D1E-72F3-4E66-AABC-F08BFA3CE9CE}.Release|x86.ActiveCfg = Release|x86
		{95014D1E-72F3-4E66-AABC-F08BFA3CE9CE}.Release|x86.Build.0 = Release|x86
		{B3BF9BBF-7A36-4CD0-BFC1-752EE419EF69}.Debug|Any CPU.ActiveCfg = Debug|Any CPU
		{B3BF9BBF-7A36-4CD0-BFC1-752EE419EF69}.Debug|Any CPU.Build.0 = Debug|Any CPU
		{B3BF9BBF-7A36-4CD0-BFC1-752EE419EF69}.Debug|x64.ActiveCfg = Debug|x64
		{B3BF9BBF-7A36-4CD0-BFC1-752EE419EF69}.Debug|x64.Build.0 = Debug|x64
		{B3BF9BBF-7A36-4CD0-BFC1-752EE419EF69}.Debug|x86.ActiveCfg = Debug|x86
		{B3BF9BBF-7A36-4CD0-BFC1-752EE419EF69}.Debug|x86.Build.0 = Debug|x86
		{B3BF9BBF-7A36-4CD0-BFC1-752EE419EF69}.Release|Any CPU.ActiveCfg = Release|Any CPU
		{B3BF9BBF-7A36-4CD0-BFC1-752EE419EF69}.Release|Any CPU.Build.0 = Release|Any CPU
		{B3BF9BBF-7A36-4CD0-BFC1-752EE419EF69}.Release|x64.ActiveCfg = Release|Any CPU
		{B3BF9BBF-7A36-4CD0-BFC1-752EE419EF69}.Release|x64.Build.0 = Release|Any CPU
		{B3BF9BBF-7A36-4CD0-BFC1-752EE419EF69}.Release|x86.ActiveCfg = Release|Any CPU
		{B3BF9BBF-7A36-4CD0-BFC1-752EE419EF69}.Release|x86.Build.0 = Release|Any CPU
	EndGlobalSection
	GlobalSection(SolutionProperties) = preSolution
		HideSolutionNode = FALSE
	EndGlobalSection
	GlobalSection(ExtensibilityGlobals) = postSolution
		SolutionGuid = {F1607689-1CDC-4798-B6EE-BF2E23A3B1BF}
	EndGlobalSection
EndGlobal
